
Microsoft Visual Studio Solution File, Format Version 12.00
# Visual Studio 2013
VisualStudioVersion = 12.0.31101.0
MinimumVisualStudioVersion = 10.0.40219.1
Project("{2150E333-8FDC-42A3-9474-1A3956D46DE8}") = "Web", "Web", "{0BAECA4B-3B37-42D5-8C27-174CDDFE133D}"
EndProject
Project("{FAE04EC0-301F-11D3-BF4B-00C04F79EFBC}") = "Zeitgeist.Appsco.Web", "Zeitgeist.Appsco.Web\Zeitgeist.Appsco.Web.csproj", "{13EA3C28-A342-4EF1-9001-9E06FD147145}"
EndProject
Project("{2150E333-8FDC-42A3-9474-1A3956D46DE8}") = "lib", "lib", "{5A63D3EC-D2CD-44A7-9A4D-BA4FA12AF759}"
EndProject
Project("{2150E333-8FDC-42A3-9474-1A3956D46DE8}") = "MongoDesign", "MongoDesign", "{475A320E-B7AE-40F2-8CAA-8F52E36643D9}"
EndProject
Project("{FAE04EC0-301F-11D3-BF4B-00C04F79EFBC}") = "console", "console\console.csproj", "{23654922-5D2A-477F-99A3-272B367A3A7B}"
EndProject
Project("{FAE04EC0-301F-11D3-BF4B-00C04F79EFBC}") = "MongoModels", "MongoModels\MongoModels.csproj", "{12B93BF4-45E3-4D17-99FE-7843582B05DE}"
EndProject
Project("{FAE04EC0-301F-11D3-BF4B-00C04F79EFBC}") = "ZeitGeist.Tools", "ZeitGeist.Tools\ZeitGeist.Tools.csproj", "{82C83282-1B2F-4047-BBC8-0D75DD7C3E22}"
EndProject
Project("{FAE04EC0-301F-11D3-BF4B-00C04F79EFBC}") = "Zeitgeist.Appsco.WebTests", "Zeitgeist.Appsco.WebTests\Zeitgeist.Appsco.WebTests.csproj", "{91F90C38-2221-41B8-998C-6C6D778652D4}"
EndProject
Project("{FAE04EC0-301F-11D3-BF4B-00C04F79EFBC}") = "MongoProviders", "E:\D\Documentos\Empresa\Forks\MongoProviders\MongoProviders\MongoProviders.csproj", "{B9C2C392-D01D-4382-BFBF-23CBEE4259CB}"
EndProject
Project("{FAE04EC0-301F-11D3-BF4B-00C04F79EFBC}") = "Zeitgeist.Web", "Zeitgeist.Web\Zeitgeist.Web.csproj", "{FB108A83-0CED-4DE0-ADE0-A5098A1BCFD9}"
EndProject
Project("{FAE04EC0-301F-11D3-BF4B-00C04F79EFBC}") = "Zeitgeist.Core", "Zeitgeist.Core\Zeitgeist.Core.csproj", "{C6C2E5AD-8FB2-47A4-90E6-0CDCFE377688}"
EndProject
Global
	GlobalSection(SolutionConfigurationPlatforms) = preSolution
		Debug|Any CPU = Debug|Any CPU
		Release|Any CPU = Release|Any CPU
	EndGlobalSection
	GlobalSection(ProjectConfigurationPlatforms) = postSolution
		{13EA3C28-A342-4EF1-9001-9E06FD147145}.Debug|Any CPU.ActiveCfg = Debug|Any CPU
		{13EA3C28-A342-4EF1-9001-9E06FD147145}.Debug|Any CPU.Build.0 = Debug|Any CPU
		{13EA3C28-A342-4EF1-9001-9E06FD147145}.Release|Any CPU.ActiveCfg = Release|Any CPU
		{13EA3C28-A342-4EF1-9001-9E06FD147145}.Release|Any CPU.Build.0 = Release|Any CPU
		{23654922-5D2A-477F-99A3-272B367A3A7B}.Debug|Any CPU.ActiveCfg = Debug|Any CPU
		{23654922-5D2A-477F-99A3-272B367A3A7B}.Debug|Any CPU.Build.0 = Debug|Any CPU
		{23654922-5D2A-477F-99A3-272B367A3A7B}.Release|Any CPU.ActiveCfg = Release|Any CPU
		{23654922-5D2A-477F-99A3-272B367A3A7B}.Release|Any CPU.Build.0 = Release|Any CPU
		{12B93BF4-45E3-4D17-99FE-7843582B05DE}.Debug|Any CPU.ActiveCfg = Debug|Any CPU
		{12B93BF4-45E3-4D17-99FE-7843582B05DE}.Debug|Any CPU.Build.0 = Debug|Any CPU
		{12B93BF4-45E3-4D17-99FE-7843582B05DE}.Release|Any CPU.ActiveCfg = Release|Any CPU
		{12B93BF4-45E3-4D17-99FE-7843582B05DE}.Release|Any CPU.Build.0 = Release|Any CPU
		{82C83282-1B2F-4047-BBC8-0D75DD7C3E22}.Debug|Any CPU.ActiveCfg = Debug|Any CPU
		{82C83282-1B2F-4047-BBC8-0D75DD7C3E22}.Debug|Any CPU.Build.0 = Debug|Any CPU
		{82C83282-1B2F-4047-BBC8-0D75DD7C3E22}.Release|Any CPU.ActiveCfg = Release|Any CPU
		{82C83282-1B2F-4047-BBC8-0D75DD7C3E22}.Release|Any CPU.Build.0 = Release|Any CPU
		{91F90C38-2221-41B8-998C-6C6D778652D4}.Debug|Any CPU.ActiveCfg = Debug|Any CPU
		{91F90C38-2221-41B8-998C-6C6D778652D4}.Debug|Any CPU.Build.0 = Debug|Any CPU
		{91F90C38-2221-41B8-998C-6C6D778652D4}.Release|Any CPU.ActiveCfg = Release|Any CPU
		{91F90C38-2221-41B8-998C-6C6D778652D4}.Release|Any CPU.Build.0 = Release|Any CPU
		{B9C2C392-D01D-4382-BFBF-23CBEE4259CB}.Debug|Any CPU.ActiveCfg = Debug|Any CPU
		{B9C2C392-D01D-4382-BFBF-23CBEE4259CB}.Debug|Any CPU.Build.0 = Debug|Any CPU
		{B9C2C392-D01D-4382-BFBF-23CBEE4259CB}.Release|Any CPU.ActiveCfg = Release|Any CPU
		{B9C2C392-D01D-4382-BFBF-23CBEE4259CB}.Release|Any CPU.Build.0 = Release|Any CPU
		{FB108A83-0CED-4DE0-ADE0-A5098A1BCFD9}.Debug|Any CPU.ActiveCfg = Debug|Any CPU
		{FB108A83-0CED-4DE0-ADE0-A5098A1BCFD9}.Debug|Any CPU.Build.0 = Debug|Any CPU
		{FB108A83-0CED-4DE0-ADE0-A5098A1BCFD9}.Release|Any CPU.ActiveCfg = Release|Any CPU
		{FB108A83-0CED-4DE0-ADE0-A5098A1BCFD9}.Release|Any CPU.Build.0 = Release|Any CPU
		{C6C2E5AD-8FB2-47A4-90E6-0CDCFE377688}.Debug|Any CPU.ActiveCfg = Debug|Any CPU
		{C6C2E5AD-8FB2-47A4-90E6-0CDCFE377688}.Debug|Any CPU.Build.0 = Debug|Any CPU
		{C6C2E5AD-8FB2-47A4-90E6-0CDCFE377688}.Release|Any CPU.ActiveCfg = Release|Any CPU
		{C6C2E5AD-8FB2-47A4-90E6-0CDCFE377688}.Release|Any CPU.Build.0 = Release|Any CPU
	EndGlobalSection
	GlobalSection(SolutionProperties) = preSolution
		HideSolutionNode = FALSE
	EndGlobalSection
	GlobalSection(NestedProjects) = preSolution
		{13EA3C28-A342-4EF1-9001-9E06FD147145} = {0BAECA4B-3B37-42D5-8C27-174CDDFE133D}
		{23654922-5D2A-477F-99A3-272B367A3A7B} = {475A320E-B7AE-40F2-8CAA-8F52E36643D9}
		{12B93BF4-45E3-4D17-99FE-7843582B05DE} = {0BAECA4B-3B37-42D5-8C27-174CDDFE133D}
		{82C83282-1B2F-4047-BBC8-0D75DD7C3E22} = {5A63D3EC-D2CD-44A7-9A4D-BA4FA12AF759}
		{B9C2C392-D01D-4382-BFBF-23CBEE4259CB} = {5A63D3EC-D2CD-44A7-9A4D-BA4FA12AF759}
		{FB108A83-0CED-4DE0-ADE0-A5098A1BCFD9} = {0BAECA4B-3B37-42D5-8C27-174CDDFE133D}
		{C6C2E5AD-8FB2-47A4-90E6-0CDCFE377688} = {5A63D3EC-D2CD-44A7-9A4D-BA4FA12AF759}
	EndGlobalSection
	GlobalSection(Performance) = preSolution
		HasPerformanceSessions = true
	EndGlobalSection
EndGlobal
